
Microsoft Visual Studio Solution File, Format Version 12.00
# Visual Studio Version 16
VisualStudioVersion = 16.0.808.3
MinimumVisualStudioVersion = 10.0.40219.1
Project("{FAE04EC0-301F-11D3-BF4B-00C04F79EFBC}") = "MVC", "MVC\MVC.csproj", "{4C6EF59F-A3E2-49B4-905C-FF82C37C4437}"
EndProject
Global
	GlobalSection(SolutionConfigurationPlatforms) = preSolution
		Debug|anycpu = Debug|anycpu
		Release|anycpu = Release|anycpu
	EndGlobalSection
	GlobalSection(ProjectConfigurationPlatforms) = postSolution
		{4C6EF59F-A3E2-49B4-905C-FF82C37C4437}.Debug|anycpu.ActiveCfg = Debug|anycpu
		{4C6EF59F-A3E2-49B4-905C-FF82C37C4437}.Debug|anycpu.Build.0 = Debug|anycpu
		{4C6EF59F-A3E2-49B4-905C-FF82C37C4437}.Release|anycpu.ActiveCfg = Release|anycpu
		{4C6EF59F-A3E2-49B4-905C-FF82C37C4437}.Release|anycpu.Build.0 = Release|anycpu
	EndGlobalSection
	GlobalSection(SolutionProperties) = preSolution
		HideSolutionNode = FALSE
	EndGlobalSection
	GlobalSection(ExtensibilityGlobals) = postSolution
		SolutionGuid = {B5F3E590-3B60-4E59-BB7E-81C17129455F}
	EndGlobalSection
EndGlobal
